// !$*UTF8*$!
{
	archiveVersion = 1;
	classes = {
	};
	objectVersion = 48;
	objects = {

/* Begin PBXBuildFile section */
		E152D0B820ABC539002D00E6 /* AYFileDownloadManager.m in Sources */ = {isa = PBXBuildFile; fileRef = E152D0B720ABC539002D00E6 /* AYFileDownloadManager.m */; };
		E152D0BB20ABC59C002D00E6 /* AYFileSessionModel.m in Sources */ = {isa = PBXBuildFile; fileRef = E152D0BA20ABC59C002D00E6 /* AYFileSessionModel.m */; };
		E152D0BF20ABC647002D00E6 /* NSString+AYHash.m in Sources */ = {isa = PBXBuildFile; fileRef = E152D0BE20ABC647002D00E6 /* NSString+AYHash.m */; };
		E152D0D020ABCDAE002D00E6 /* AYWebView.m in Sources */ = {isa = PBXBuildFile; fileRef = E152D0CF20ABCDAE002D00E6 /* AYWebView.m */; };
		E152D0DD20ABE6BF002D00E6 /* AYQRCodeGenerateManager.m in Sources */ = {isa = PBXBuildFile; fileRef = E152D0DA20ABE6BF002D00E6 /* AYQRCodeGenerateManager.m */; };
		E152D0DE20ABE6BF002D00E6 /* AYQRCodeScanManager.m in Sources */ = {isa = PBXBuildFile; fileRef = E152D0DC20ABE6BF002D00E6 /* AYQRCodeScanManager.m */; };
		E152D0E120ABF2A2002D00E6 /* AYQRCodeAlbumManager.m in Sources */ = {isa = PBXBuildFile; fileRef = E152D0E020ABF2A2002D00E6 /* AYQRCodeAlbumManager.m */; };
		E152D0E420ABF3CD002D00E6 /* UIImage+AYImageSize.m in Sources */ = {isa = PBXBuildFile; fileRef = E152D0E320ABF3CD002D00E6 /* UIImage+AYImageSize.m */; };
		E152D0E720ABF969002D00E6 /* AYQRCodeScanningView.m in Sources */ = {isa = PBXBuildFile; fileRef = E152D0E620ABF969002D00E6 /* AYQRCodeScanningView.m */; };
/* End PBXBuildFile section */

/* Begin PBXCopyFilesBuildPhase section */
		E152D0A620ABC30F002D00E6 /* CopyFiles */ = {
			isa = PBXCopyFilesBuildPhase;
			buildActionMask = 2147483647;
			dstPath = "include/$(PRODUCT_NAME)";
			dstSubfolderSpec = 16;
			files = (
			);
			runOnlyForDeploymentPostprocessing = 0;
		};
/* End PBXCopyFilesBuildPhase section */

/* Begin PBXFileReference section */
		E152D0A820ABC30F002D00E6 /* libAYCommon.a */ = {isa = PBXFileReference; explicitFileType = archive.ar; includeInIndex = 0; path = libAYCommon.a; sourceTree = BUILT_PRODUCTS_DIR; };
		E152D0B620ABC539002D00E6 /* AYFileDownloadManager.h */ = {isa = PBXFileReference; lastKnownFileType = sourcecode.c.h; path = AYFileDownloadManager.h; sourceTree = "<group>"; };
		E152D0B720ABC539002D00E6 /* AYFileDownloadManager.m */ = {isa = PBXFileReference; lastKnownFileType = sourcecode.c.objc; path = AYFileDownloadManager.m; sourceTree = "<group>"; };
		E152D0B920ABC59C002D00E6 /* AYFileSessionModel.h */ = {isa = PBXFileReference; lastKnownFileType = sourcecode.c.h; path = AYFileSessionModel.h; sourceTree = "<group>"; };
		E152D0BA20ABC59C002D00E6 /* AYFileSessionModel.m */ = {isa = PBXFileReference; lastKnownFileType = sourcecode.c.objc; path = AYFileSessionModel.m; sourceTree = "<group>"; };
		E152D0BD20ABC647002D00E6 /* NSString+AYHash.h */ = {isa = PBXFileReference; lastKnownFileType = sourcecode.c.h; path = "NSString+AYHash.h"; sourceTree = "<group>"; };
		E152D0BE20ABC647002D00E6 /* NSString+AYHash.m */ = {isa = PBXFileReference; lastKnownFileType = sourcecode.c.objc; path = "NSString+AYHash.m"; sourceTree = "<group>"; };
		E152D0CE20ABCDAE002D00E6 /* AYWebView.h */ = {isa = PBXFileReference; lastKnownFileType = sourcecode.c.h; path = AYWebView.h; sourceTree = "<group>"; };
		E152D0CF20ABCDAE002D00E6 /* AYWebView.m */ = {isa = PBXFileReference; lastKnownFileType = sourcecode.c.objc; path = AYWebView.m; sourceTree = "<group>"; };
		E152D0D920ABE6BF002D00E6 /* AYQRCodeGenerateManager.h */ = {isa = PBXFileReference; fileEncoding = 4; lastKnownFileType = sourcecode.c.h; path = AYQRCodeGenerateManager.h; sourceTree = "<group>"; };
		E152D0DA20ABE6BF002D00E6 /* AYQRCodeGenerateManager.m */ = {isa = PBXFileReference; fileEncoding = 4; lastKnownFileType = sourcecode.c.objc; path = AYQRCodeGenerateManager.m; sourceTree = "<group>"; };
		E152D0DB20ABE6BF002D00E6 /* AYQRCodeScanManager.h */ = {isa = PBXFileReference; fileEncoding = 4; lastKnownFileType = sourcecode.c.h; path = AYQRCodeScanManager.h; sourceTree = "<group>"; };
		E152D0DC20ABE6BF002D00E6 /* AYQRCodeScanManager.m */ = {isa = PBXFileReference; fileEncoding = 4; lastKnownFileType = sourcecode.c.objc; path = AYQRCodeScanManager.m; sourceTree = "<group>"; };
		E152D0DF20ABF2A2002D00E6 /* AYQRCodeAlbumManager.h */ = {isa = PBXFileReference; lastKnownFileType = sourcecode.c.h; path = AYQRCodeAlbumManager.h; sourceTree = "<group>"; };
		E152D0E020ABF2A2002D00E6 /* AYQRCodeAlbumManager.m */ = {isa = PBXFileReference; lastKnownFileType = sourcecode.c.objc; path = AYQRCodeAlbumManager.m; sourceTree = "<group>"; };
		E152D0E220ABF3CD002D00E6 /* UIImage+AYImageSize.h */ = {isa = PBXFileReference; lastKnownFileType = sourcecode.c.h; path = "UIImage+AYImageSize.h"; sourceTree = "<group>"; };
		E152D0E320ABF3CD002D00E6 /* UIImage+AYImageSize.m */ = {isa = PBXFileReference; lastKnownFileType = sourcecode.c.objc; path = "UIImage+AYImageSize.m"; sourceTree = "<group>"; };
		E152D0E520ABF969002D00E6 /* AYQRCodeScanningView.h */ = {isa = PBXFileReference; lastKnownFileType = sourcecode.c.h; path = AYQRCodeScanningView.h; sourceTree = "<group>"; };
		E152D0E620ABF969002D00E6 /* AYQRCodeScanningView.m */ = {isa = PBXFileReference; lastKnownFileType = sourcecode.c.objc; path = AYQRCodeScanningView.m; sourceTree = "<group>"; };
		E152D0E920ABFB61002D00E6 /* QRCodeScanningLine@3x.png */ = {isa = PBXFileReference; lastKnownFileType = image.png; path = "QRCodeScanningLine@3x.png"; sourceTree = "<group>"; };
		E152D0EA20ABFB61002D00E6 /* QRCodeFlashlightCloseImage.png */ = {isa = PBXFileReference; lastKnownFileType = image.png; path = QRCodeFlashlightCloseImage.png; sourceTree = "<group>"; };
		E152D0EB20ABFB61002D00E6 /* QRCodeScanningLine@2x.png */ = {isa = PBXFileReference; lastKnownFileType = image.png; path = "QRCodeScanningLine@2x.png"; sourceTree = "<group>"; };
		E152D0EC20ABFB61002D00E6 /* QRCodeFlashlightOpenImage.png */ = {isa = PBXFileReference; lastKnownFileType = image.png; path = QRCodeFlashlightOpenImage.png; sourceTree = "<group>"; };
		E152D0ED20ABFB61002D00E6 /* sound.caf */ = {isa = PBXFileReference; lastKnownFileType = file; path = sound.caf; sourceTree = "<group>"; };
		E152D0EE20ABFB61002D00E6 /* QRCodeScanningLineGrid@3x.png */ = {isa = PBXFileReference; lastKnownFileType = image.png; path = "QRCodeScanningLineGrid@3x.png"; sourceTree = "<group>"; };
		E152D0EF20ABFB61002D00E6 /* QRCodeScanningLineGrid@2x.png */ = {isa = PBXFileReference; lastKnownFileType = image.png; path = "QRCodeScanningLineGrid@2x.png"; sourceTree = "<group>"; };
/* End PBXFileReference section */

/* Begin PBXFrameworksBuildPhase section */
		E152D0A520ABC30F002D00E6 /* Frameworks */ = {
			isa = PBXFrameworksBuildPhase;
			buildActionMask = 2147483647;
			files = (
			);
			runOnlyForDeploymentPostprocessing = 0;
		};
/* End PBXFrameworksBuildPhase section */

/* Begin PBXGroup section */
		E152D09F20ABC30F002D00E6 = {
			isa = PBXGroup;
			children = (
				E152D0AA20ABC30F002D00E6 /* AYCommon */,
				E152D0A920ABC30F002D00E6 /* Products */,
			);
			sourceTree = "<group>";
		};
		E152D0A920ABC30F002D00E6 /* Products */ = {
			isa = PBXGroup;
			children = (
				E152D0A820ABC30F002D00E6 /* libAYCommon.a */,
			);
			name = Products;
			sourceTree = "<group>";
		};
		E152D0AA20ABC30F002D00E6 /* AYCommon */ = {
			isa = PBXGroup;
			children = (
				E152D0B420ABC4FB002D00E6 /* Manager */,
			);
			path = AYCommon;
			sourceTree = "<group>";
		};
		E152D0B420ABC4FB002D00E6 /* Manager */ = {
			isa = PBXGroup;
			children = (
				E152D0D820ABE6BF002D00E6 /* AYQRCodeManager */,
				E152D0CD20ABCD8A002D00E6 /* AYWebView */,
				E152D0B520ABC525002D00E6 /* AYFileDownloadManager */,
			);
			path = Manager;
			sourceTree = "<group>";
		};
		E152D0B520ABC525002D00E6 /* AYFileDownloadManager */ = {
			isa = PBXGroup;
			children = (
				E152D0B620ABC539002D00E6 /* AYFileDownloadManager.h */,
				E152D0B720ABC539002D00E6 /* AYFileDownloadManager.m */,
				E152D0B920ABC59C002D00E6 /* AYFileSessionModel.h */,
				E152D0BA20ABC59C002D00E6 /* AYFileSessionModel.m */,
				E152D0BC20ABC61D002D00E6 /* MD5 */,
			);
			path = AYFileDownloadManager;
			sourceTree = "<group>";
		};
		E152D0BC20ABC61D002D00E6 /* MD5 */ = {
			isa = PBXGroup;
			children = (
				E152D0BD20ABC647002D00E6 /* NSString+AYHash.h */,
				E152D0BE20ABC647002D00E6 /* NSString+AYHash.m */,
			);
			path = MD5;
			sourceTree = "<group>";
		};
		E152D0CD20ABCD8A002D00E6 /* AYWebView */ = {
			isa = PBXGroup;
			children = (
				E152D0CE20ABCDAE002D00E6 /* AYWebView.h */,
				E152D0CF20ABCDAE002D00E6 /* AYWebView.m */,
			);
			path = AYWebView;
			sourceTree = "<group>";
		};
		E152D0D820ABE6BF002D00E6 /* AYQRCodeManager */ = {
			isa = PBXGroup;
			children = (
				E152D0D920ABE6BF002D00E6 /* AYQRCodeGenerateManager.h */,
				E152D0DA20ABE6BF002D00E6 /* AYQRCodeGenerateManager.m */,
				E152D0DB20ABE6BF002D00E6 /* AYQRCodeScanManager.h */,
				E152D0DC20ABE6BF002D00E6 /* AYQRCodeScanManager.m */,
				E152D0E520ABF969002D00E6 /* AYQRCodeScanningView.h */,
				E152D0E620ABF969002D00E6 /* AYQRCodeScanningView.m */,
				E152D0DF20ABF2A2002D00E6 /* AYQRCodeAlbumManager.h */,
				E152D0E020ABF2A2002D00E6 /* AYQRCodeAlbumManager.m */,
				E152D0E220ABF3CD002D00E6 /* UIImage+AYImageSize.h */,
				E152D0E320ABF3CD002D00E6 /* UIImage+AYImageSize.m */,
				E152D0E820ABFAF9002D00E6 /* Resource */,
			);
			path = AYQRCodeManager;
			sourceTree = "<group>";
		};
		E152D0E820ABFAF9002D00E6 /* Resource */ = {
			isa = PBXGroup;
			children = (
				E152D0EA20ABFB61002D00E6 /* QRCodeFlashlightCloseImage.png */,
				E152D0EC20ABFB61002D00E6 /* QRCodeFlashlightOpenImage.png */,
				E152D0EB20ABFB61002D00E6 /* QRCodeScanningLine@2x.png */,
				E152D0E920ABFB61002D00E6 /* QRCodeScanningLine@3x.png */,
				E152D0EF20ABFB61002D00E6 /* QRCodeScanningLineGrid@2x.png */,
				E152D0EE20ABFB61002D00E6 /* QRCodeScanningLineGrid@3x.png */,
				E152D0ED20ABFB61002D00E6 /* sound.caf */,
			);
			path = Resource;
			sourceTree = "<group>";
		};
/* End PBXGroup section */

/* Begin PBXNativeTarget section */
		E152D0A720ABC30F002D00E6 /* AYCommon */ = {
			isa = PBXNativeTarget;
			buildConfigurationList = E152D0B120ABC30F002D00E6 /* Build configuration list for PBXNativeTarget "AYCommon" */;
			buildPhases = (
				E152D0A420ABC30F002D00E6 /* Sources */,
				E152D0A520ABC30F002D00E6 /* Frameworks */,
				E152D0A620ABC30F002D00E6 /* CopyFiles */,
			);
			buildRules = (
			);
			dependencies = (
			);
			name = AYCommon;
			productName = AYCommon;
			productReference = E152D0A820ABC30F002D00E6 /* libAYCommon.a */;
			productType = "com.apple.product-type.library.static";
		};
/* End PBXNativeTarget section */

/* Begin PBXProject section */
		E152D0A020ABC30F002D00E6 /* Project object */ = {
			isa = PBXProject;
			attributes = {
				CLASSPREFIX = AY;
				LastUpgradeCheck = 0920;
				ORGANIZATIONNAME = ZSM;
				TargetAttributes = {
					E152D0A720ABC30F002D00E6 = {
						CreatedOnToolsVersion = 9.2;
						ProvisioningStyle = Automatic;
					};
				};
			};
			buildConfigurationList = E152D0A320ABC30F002D00E6 /* Build configuration list for PBXProject "AYCommon" */;
			compatibilityVersion = "Xcode 8.0";
			developmentRegion = en;
			hasScannedForEncodings = 0;
			knownRegions = (
				en,
			);
			mainGroup = E152D09F20ABC30F002D00E6;
			productRefGroup = E152D0A920ABC30F002D00E6 /* Products */;
			projectDirPath = "";
			projectRoot = "";
			targets = (
				E152D0A720ABC30F002D00E6 /* AYCommon */,
			);
		};
/* End PBXProject section */

/* Begin PBXSourcesBuildPhase section */
		E152D0A420ABC30F002D00E6 /* Sources */ = {
			isa = PBXSourcesBuildPhase;
			buildActionMask = 2147483647;
			files = (
				E152D0E720ABF969002D00E6 /* AYQRCodeScanningView.m in Sources */,
				E152D0DE20ABE6BF002D00E6 /* AYQRCodeScanManager.m in Sources */,
				E152D0E120ABF2A2002D00E6 /* AYQRCodeAlbumManager.m in Sources */,
				E152D0BF20ABC647002D00E6 /* NSString+AYHash.m in Sources */,
				E152D0D020ABCDAE002D00E6 /* AYWebView.m in Sources */,
				E152D0E420ABF3CD002D00E6 /* UIImage+AYImageSize.m in Sources */,
				E152D0BB20ABC59C002D00E6 /* AYFileSessionModel.m in Sources */,
				E152D0DD20ABE6BF002D00E6 /* AYQRCodeGenerateManager.m in Sources */,
				E152D0B820ABC539002D00E6 /* AYFileDownloadManager.m in Sources */,
			);
			runOnlyForDeploymentPostprocessing = 0;
		};
/* End PBXSourcesBuildPhase section */

/* Begin XCBuildConfiguration section */
		E152D0AF20ABC30F002D00E6 /* Debug */ = {
			isa = XCBuildConfiguration;
			buildSettings = {
				ALWAYS_SEARCH_USER_PATHS = NO;
				CLANG_ANALYZER_NONNULL = YES;
				CLANG_ANALYZER_NUMBER_OBJECT_CONVERSION = YES_AGGRESSIVE;
				CLANG_CXX_LANGUAGE_STANDARD = "gnu++14";
				CLANG_CXX_LIBRARY = "libc++";
				CLANG_ENABLE_MODULES = YES;
				CLANG_ENABLE_OBJC_ARC = YES;
				CLANG_WARN_BLOCK_CAPTURE_AUTORELEASING = YES;
				CLANG_WARN_BOOL_CONVERSION = YES;
				CLANG_WARN_COMMA = YES;
				CLANG_WARN_CONSTANT_CONVERSION = YES;
				CLANG_WARN_DIRECT_OBJC_ISA_USAGE = YES_ERROR;
				CLANG_WARN_DOCUMENTATION_COMMENTS = YES;
				CLANG_WARN_EMPTY_BODY = YES;
				CLANG_WARN_ENUM_CONVERSION = YES;
				CLANG_WARN_INFINITE_RECURSION = YES;
				CLANG_WARN_INT_CONVERSION = YES;
				CLANG_WARN_NON_LITERAL_NULL_CONVERSION = YES;
				CLANG_WARN_OBJC_LITERAL_CONVERSION = YES;
				CLANG_WARN_OBJC_ROOT_CLASS = YES_ERROR;
				CLANG_WARN_RANGE_LOOP_ANALYSIS = YES;
				CLANG_WARN_STRICT_PROTOTYPES = YES;
				CLANG_WARN_SUSPICIOUS_MOVE = YES;
				CLANG_WARN_UNGUARDED_AVAILABILITY = YES_AGGRESSIVE;
				CLANG_WARN_UNREACHABLE_CODE = YES;
				CLANG_WARN__DUPLICATE_METHOD_MATCH = YES;
				CODE_SIGN_IDENTITY = "iPhone Developer";
				COPY_PHASE_STRIP = NO;
				DEBUG_INFORMATION_FORMAT = dwarf;
				ENABLE_STRICT_OBJC_MSGSEND = YES;
				ENABLE_TESTABILITY = YES;
				GCC_C_LANGUAGE_STANDARD = gnu11;
				GCC_DYNAMIC_NO_PIC = NO;
				GCC_NO_COMMON_BLOCKS = YES;
				GCC_OPTIMIZATION_LEVEL = 0;
				GCC_PREPROCESSOR_DEFINITIONS = (
					"DEBUG=1",
					"$(inherited)",
				);
				GCC_WARN_64_TO_32_BIT_CONVERSION = YES;
				GCC_WARN_ABOUT_RETURN_TYPE = YES_ERROR;
				GCC_WARN_UNDECLARED_SELECTOR = YES;
				GCC_WARN_UNINITIALIZED_AUTOS = YES_AGGRESSIVE;
				GCC_WARN_UNUSED_FUNCTION = YES;
				GCC_WARN_UNUSED_VARIABLE = YES;
				IPHONEOS_DEPLOYMENT_TARGET = 8.0;
				MTL_ENABLE_DEBUG_INFO = YES;
				ONLY_ACTIVE_ARCH = YES;
				SDKROOT = iphoneos;
			};
			name = Debug;
		};
		E152D0B020ABC30F002D00E6 /* Release */ = {
			isa = XCBuildConfiguration;
			buildSettings = {
				ALWAYS_SEARCH_USER_PATHS = NO;
				CLANG_ANALYZER_NONNULL = YES;
				CLANG_ANALYZER_NUMBER_OBJECT_CONVERSION = YES_AGGRESSIVE;
				CLANG_CXX_LANGUAGE_STANDARD = "gnu++14";
				CLANG_CXX_LIBRARY = "libc++";
				CLANG_ENABLE_MODULES = YES;
				CLANG_ENABLE_OBJC_ARC = YES;
				CLANG_WARN_BLOCK_CAPTURE_AUTORELEASING = YES;
				CLANG_WARN_BOOL_CONVERSION = YES;
				CLANG_WARN_COMMA = YES;
				CLANG_WARN_CONSTANT_CONVERSION = YES;
				CLANG_WARN_DIRECT_OBJC_ISA_USAGE = YES_ERROR;
				CLANG_WARN_DOCUMENTATION_COMMENTS = YES;
				CLANG_WARN_EMPTY_BODY = YES;
				CLANG_WARN_ENUM_CONVERSION = YES;
				CLANG_WARN_INFINITE_RECURSION = YES;
				CLANG_WARN_INT_CONVERSION = YES;
				CLANG_WARN_NON_LITERAL_NULL_CONVERSION = YES;
				CLANG_WARN_OBJC_LITERAL_CONVERSION = YES;
				CLANG_WARN_OBJC_ROOT_CLASS = YES_ERROR;
				CLANG_WARN_RANGE_LOOP_ANALYSIS = YES;
				CLANG_WARN_STRICT_PROTOTYPES = YES;
				CLANG_WARN_SUSPICIOUS_MOVE = YES;
				CLANG_WARN_UNGUARDED_AVAILABILITY = YES_AGGRESSIVE;
				CLANG_WARN_UNREACHABLE_CODE = YES;
				CLANG_WARN__DUPLICATE_METHOD_MATCH = YES;
				CODE_SIGN_IDENTITY = "iPhone Developer";
				COPY_PHASE_STRIP = NO;
				DEBUG_INFORMATION_FORMAT = "dwarf-with-dsym";
				ENABLE_NS_ASSERTIONS = NO;
				ENABLE_STRICT_OBJC_MSGSEND = YES;
				GCC_C_LANGUAGE_STANDARD = gnu11;
				GCC_NO_COMMON_BLOCKS = YES;
				GCC_WARN_64_TO_32_BIT_CONVERSION = YES;
				GCC_WARN_ABOUT_RETURN_TYPE = YES_ERROR;
				GCC_WARN_UNDECLARED_SELECTOR = YES;
				GCC_WARN_UNINITIALIZED_AUTOS = YES_AGGRESSIVE;
				GCC_WARN_UNUSED_FUNCTION = YES;
				GCC_WARN_UNUSED_VARIABLE = YES;
				IPHONEOS_DEPLOYMENT_TARGET = 8.0;
				MTL_ENABLE_DEBUG_INFO = NO;
				SDKROOT = iphoneos;
				VALIDATE_PRODUCT = YES;
			};
			name = Release;
		};
		E152D0B220ABC30F002D00E6 /* Debug */ = {
			isa = XCBuildConfiguration;
			buildSettings = {
				CODE_SIGN_STYLE = Automatic;
				OTHER_LDFLAGS = "-ObjC";
				PRODUCT_NAME = "$(TARGET_NAME)";
				SKIP_INSTALL = YES;
				TARGETED_DEVICE_FAMILY = "1,2";
			};
			name = Debug;
		};
		E152D0B320ABC30F002D00E6 /* Release */ = {
			isa = XCBuildConfiguration;
			buildSettings = {
				CODE_SIGN_STYLE = Automatic;
				OTHER_LDFLAGS = "-ObjC";
				PRODUCT_NAME = "$(TARGET_NAME)";
				SKIP_INSTALL = YES;
				TARGETED_DEVICE_FAMILY = "1,2";
			};
			name = Release;
		};
/* End XCBuildConfiguration section */

/* Begin XCConfigurationList section */
		E152D0A320ABC30F002D00E6 /* Build configuration list for PBXProject "AYCommon" */ = {
			isa = XCConfigurationList;
			buildConfigurations = (
				E152D0AF20ABC30F002D00E6 /* Debug */,
				E152D0B020ABC30F002D00E6 /* Release */,
			);
			defaultConfigurationIsVisible = 0;
			defaultConfigurationName = Release;
		};
		E152D0B120ABC30F002D00E6 /* Build configuration list for PBXNativeTarget "AYCommon" */ = {
			isa = XCConfigurationList;
			buildConfigurations = (
				E152D0B220ABC30F002D00E6 /* Debug */,
				E152D0B320ABC30F002D00E6 /* Release */,
			);
			defaultConfigurationIsVisible = 0;
			defaultConfigurationName = Release;
		};
/* End XCConfigurationList section */
	};
	rootObject = E152D0A020ABC30F002D00E6 /* Project object */;
}
