// !$*UTF8*$!
{
	archiveVersion = 1;
	classes = {
	};
	objectVersion = 48;
	objects = {

/* Begin PBXBuildFile section */
		E109A82B20AD5F3100D88EE6 /* AYTextHelper.m in Sources */ = {isa = PBXBuildFile; fileRef = E109A82A20AD5F3100D88EE6 /* AYTextHelper.m */; };
		E109A82E20AD65AF00D88EE6 /* UILabel+AYLabelTextHelper.m in Sources */ = {isa = PBXBuildFile; fileRef = E109A82D20AD65AF00D88EE6 /* UILabel+AYLabelTextHelper.m */; };
		E152D0B820ABC539002D00E6 /* AYFileDownloadManager.m in Sources */ = {isa = PBXBuildFile; fileRef = E152D0B720ABC539002D00E6 /* AYFileDownloadManager.m */; };
		E152D0BB20ABC59C002D00E6 /* AYFileSessionModel.m in Sources */ = {isa = PBXBuildFile; fileRef = E152D0BA20ABC59C002D00E6 /* AYFileSessionModel.m */; };
		E152D0BF20ABC647002D00E6 /* NSString+AYHash.m in Sources */ = {isa = PBXBuildFile; fileRef = E152D0BE20ABC647002D00E6 /* NSString+AYHash.m */; };
		E152D0D020ABCDAE002D00E6 /* AYWebView.m in Sources */ = {isa = PBXBuildFile; fileRef = E152D0CF20ABCDAE002D00E6 /* AYWebView.m */; };
		E152D0DD20ABE6BF002D00E6 /* AYQRCodeGenerateManager.m in Sources */ = {isa = PBXBuildFile; fileRef = E152D0DA20ABE6BF002D00E6 /* AYQRCodeGenerateManager.m */; };
		E152D0DE20ABE6BF002D00E6 /* AYQRCodeScanManager.m in Sources */ = {isa = PBXBuildFile; fileRef = E152D0DC20ABE6BF002D00E6 /* AYQRCodeScanManager.m */; };
		E152D0E120ABF2A2002D00E6 /* AYQRCodeAlbumManager.m in Sources */ = {isa = PBXBuildFile; fileRef = E152D0E020ABF2A2002D00E6 /* AYQRCodeAlbumManager.m */; };
		E152D0E420ABF3CD002D00E6 /* UIImage+AYImageSize.m in Sources */ = {isa = PBXBuildFile; fileRef = E152D0E320ABF3CD002D00E6 /* UIImage+AYImageSize.m */; };
		E152D0E720ABF969002D00E6 /* AYQRCodeScanningView.m in Sources */ = {isa = PBXBuildFile; fileRef = E152D0E620ABF969002D00E6 /* AYQRCodeScanningView.m */; };
		E183D12120AD135200FF986C /* AYNotification.m in Sources */ = {isa = PBXBuildFile; fileRef = E183D12020AD135200FF986C /* AYNotification.m */; };
		E188B7B120AC1B1A0012E78F /* AYKeychain.m in Sources */ = {isa = PBXBuildFile; fileRef = E188B7B020AC1B1A0012E78F /* AYKeychain.m */; };
		E188B7B520AC1C750012E78F /* UIColor+AYHex.m in Sources */ = {isa = PBXBuildFile; fileRef = E188B7B420AC1C750012E78F /* UIColor+AYHex.m */; };
		E188B7B820AC1CD90012E78F /* UITableViewCell+AYFastCell.m in Sources */ = {isa = PBXBuildFile; fileRef = E188B7B720AC1CD90012E78F /* UITableViewCell+AYFastCell.m */; };
		E188B7BB20AC1DA50012E78F /* UIButton+AYCountdown.m in Sources */ = {isa = PBXBuildFile; fileRef = E188B7BA20AC1DA50012E78F /* UIButton+AYCountdown.m */; };
		E188B7BE20AC1F0C0012E78F /* UITextView+Placeholder.m in Sources */ = {isa = PBXBuildFile; fileRef = E188B7BD20AC1F0C0012E78F /* UITextView+Placeholder.m */; };
		E188B7C620AC21180012E78F /* NSDate+AYDate.m in Sources */ = {isa = PBXBuildFile; fileRef = E188B7C520AC21180012E78F /* NSDate+AYDate.m */; };
		E188B7CC20AC26240012E78F /* AYTextField.m in Sources */ = {isa = PBXBuildFile; fileRef = E188B7CB20AC26240012E78F /* AYTextField.m */; };
		E188B7CF20AC268B0012E78F /* AYTextView.m in Sources */ = {isa = PBXBuildFile; fileRef = E188B7CE20AC268B0012E78F /* AYTextView.m */; };
		E188B7D420AC32480012E78F /* UIView+AYView.m in Sources */ = {isa = PBXBuildFile; fileRef = E188B7D320AC32480012E78F /* UIView+AYView.m */; };
		E190C37520BE9C1E003F6A95 /* AYMatchUtils.m in Sources */ = {isa = PBXBuildFile; fileRef = E190C37420BE9C1E003F6A95 /* AYMatchUtils.m */; };
		E190C38E20BE9C9F003F6A95 /* KMSwizzle.m in Sources */ = {isa = PBXBuildFile; fileRef = E190C37B20BE9C9F003F6A95 /* KMSwizzle.m */; };
		E190C38F20BE9C9F003F6A95 /* KMWeakObjectContainer.m in Sources */ = {isa = PBXBuildFile; fileRef = E190C37D20BE9C9F003F6A95 /* KMWeakObjectContainer.m */; };
		E190C39020BE9C9F003F6A95 /* NSObject+KMNavigationBarTransition.m in Sources */ = {isa = PBXBuildFile; fileRef = E190C37F20BE9C9F003F6A95 /* NSObject+KMNavigationBarTransition.m */; };
		E190C39120BE9C9F003F6A95 /* UINavigationBar+KMNavigationBarTransition.m in Sources */ = {isa = PBXBuildFile; fileRef = E190C38120BE9C9F003F6A95 /* UINavigationBar+KMNavigationBarTransition.m */; };
		E190C39220BE9C9F003F6A95 /* UINavigationController+Additions.m in Sources */ = {isa = PBXBuildFile; fileRef = E190C38420BE9C9F003F6A95 /* UINavigationController+Additions.m */; };
		E190C39320BE9C9F003F6A95 /* UINavigationController+KMNavigationBarTransition.m in Sources */ = {isa = PBXBuildFile; fileRef = E190C38620BE9C9F003F6A95 /* UINavigationController+KMNavigationBarTransition.m */; };
		E190C39420BE9C9F003F6A95 /* UIScrollView+KMNavigationBarTransition.m in Sources */ = {isa = PBXBuildFile; fileRef = E190C38920BE9C9F003F6A95 /* UIScrollView+KMNavigationBarTransition.m */; };
		E190C39520BE9C9F003F6A95 /* UIViewController+KMNavigationBarTransition.m in Sources */ = {isa = PBXBuildFile; fileRef = E190C38C20BE9C9F003F6A95 /* UIViewController+KMNavigationBarTransition.m */; };
		E1AA58C020AE853A00E4CF58 /* AYProgressHUD.m in Sources */ = {isa = PBXBuildFile; fileRef = E1AA58BB20AE853A00E4CF58 /* AYProgressHUD.m */; };
		E1AA58C120AE853A00E4CF58 /* MBProgressHUD+AYHUD.m in Sources */ = {isa = PBXBuildFile; fileRef = E1AA58BD20AE853A00E4CF58 /* MBProgressHUD+AYHUD.m */; };
		E1AA58C220AE853A00E4CF58 /* MBProgressHUD.m in Sources */ = {isa = PBXBuildFile; fileRef = E1AA58BF20AE853A00E4CF58 /* MBProgressHUD.m */; };
		E1BB02F820B5483E006AE690 /* AYTabMenu.m in Sources */ = {isa = PBXBuildFile; fileRef = E1BB02F720B5483E006AE690 /* AYTabMenu.m */; };
		E1BB02FB20B54A19006AE690 /* AYScrollView.m in Sources */ = {isa = PBXBuildFile; fileRef = E1BB02FA20B54A19006AE690 /* AYScrollView.m */; };
		E1BB02FF20B54B34006AE690 /* AYMenuView.m in Sources */ = {isa = PBXBuildFile; fileRef = E1BB02FE20B54B34006AE690 /* AYMenuView.m */; };
/* End PBXBuildFile section */

/* Begin PBXCopyFilesBuildPhase section */
		E152D0A620ABC30F002D00E6 /* CopyFiles */ = {
			isa = PBXCopyFilesBuildPhase;
			buildActionMask = 2147483647;
			dstPath = "include/$(PRODUCT_NAME)";
			dstSubfolderSpec = 16;
			files = (
			);
			runOnlyForDeploymentPostprocessing = 0;
		};
/* End PBXCopyFilesBuildPhase section */

/* Begin PBXFileReference section */
		E109A82920AD5F3100D88EE6 /* AYTextHelper.h */ = {isa = PBXFileReference; lastKnownFileType = sourcecode.c.h; path = AYTextHelper.h; sourceTree = "<group>"; };
		E109A82A20AD5F3100D88EE6 /* AYTextHelper.m */ = {isa = PBXFileReference; lastKnownFileType = sourcecode.c.objc; path = AYTextHelper.m; sourceTree = "<group>"; };
		E109A82C20AD65AF00D88EE6 /* UILabel+AYLabelTextHelper.h */ = {isa = PBXFileReference; lastKnownFileType = sourcecode.c.h; path = "UILabel+AYLabelTextHelper.h"; sourceTree = "<group>"; };
		E109A82D20AD65AF00D88EE6 /* UILabel+AYLabelTextHelper.m */ = {isa = PBXFileReference; lastKnownFileType = sourcecode.c.objc; path = "UILabel+AYLabelTextHelper.m"; sourceTree = "<group>"; };
		E152D0A820ABC30F002D00E6 /* libAYCommon.a */ = {isa = PBXFileReference; explicitFileType = archive.ar; includeInIndex = 0; path = libAYCommon.a; sourceTree = BUILT_PRODUCTS_DIR; };
		E152D0B620ABC539002D00E6 /* AYFileDownloadManager.h */ = {isa = PBXFileReference; lastKnownFileType = sourcecode.c.h; path = AYFileDownloadManager.h; sourceTree = "<group>"; };
		E152D0B720ABC539002D00E6 /* AYFileDownloadManager.m */ = {isa = PBXFileReference; lastKnownFileType = sourcecode.c.objc; path = AYFileDownloadManager.m; sourceTree = "<group>"; };
		E152D0B920ABC59C002D00E6 /* AYFileSessionModel.h */ = {isa = PBXFileReference; lastKnownFileType = sourcecode.c.h; path = AYFileSessionModel.h; sourceTree = "<group>"; };
		E152D0BA20ABC59C002D00E6 /* AYFileSessionModel.m */ = {isa = PBXFileReference; lastKnownFileType = sourcecode.c.objc; path = AYFileSessionModel.m; sourceTree = "<group>"; };
		E152D0BD20ABC647002D00E6 /* NSString+AYHash.h */ = {isa = PBXFileReference; lastKnownFileType = sourcecode.c.h; path = "NSString+AYHash.h"; sourceTree = "<group>"; };
		E152D0BE20ABC647002D00E6 /* NSString+AYHash.m */ = {isa = PBXFileReference; lastKnownFileType = sourcecode.c.objc; path = "NSString+AYHash.m"; sourceTree = "<group>"; };
		E152D0CE20ABCDAE002D00E6 /* AYWebView.h */ = {isa = PBXFileReference; lastKnownFileType = sourcecode.c.h; path = AYWebView.h; sourceTree = "<group>"; };
		E152D0CF20ABCDAE002D00E6 /* AYWebView.m */ = {isa = PBXFileReference; lastKnownFileType = sourcecode.c.objc; path = AYWebView.m; sourceTree = "<group>"; };
		E152D0D920ABE6BF002D00E6 /* AYQRCodeGenerateManager.h */ = {isa = PBXFileReference; fileEncoding = 4; lastKnownFileType = sourcecode.c.h; path = AYQRCodeGenerateManager.h; sourceTree = "<group>"; };
		E152D0DA20ABE6BF002D00E6 /* AYQRCodeGenerateManager.m */ = {isa = PBXFileReference; fileEncoding = 4; lastKnownFileType = sourcecode.c.objc; path = AYQRCodeGenerateManager.m; sourceTree = "<group>"; };
		E152D0DB20ABE6BF002D00E6 /* AYQRCodeScanManager.h */ = {isa = PBXFileReference; fileEncoding = 4; lastKnownFileType = sourcecode.c.h; path = AYQRCodeScanManager.h; sourceTree = "<group>"; };
		E152D0DC20ABE6BF002D00E6 /* AYQRCodeScanManager.m */ = {isa = PBXFileReference; fileEncoding = 4; lastKnownFileType = sourcecode.c.objc; path = AYQRCodeScanManager.m; sourceTree = "<group>"; };
		E152D0DF20ABF2A2002D00E6 /* AYQRCodeAlbumManager.h */ = {isa = PBXFileReference; lastKnownFileType = sourcecode.c.h; path = AYQRCodeAlbumManager.h; sourceTree = "<group>"; };
		E152D0E020ABF2A2002D00E6 /* AYQRCodeAlbumManager.m */ = {isa = PBXFileReference; lastKnownFileType = sourcecode.c.objc; path = AYQRCodeAlbumManager.m; sourceTree = "<group>"; };
		E152D0E220ABF3CD002D00E6 /* UIImage+AYImageSize.h */ = {isa = PBXFileReference; lastKnownFileType = sourcecode.c.h; path = "UIImage+AYImageSize.h"; sourceTree = "<group>"; };
		E152D0E320ABF3CD002D00E6 /* UIImage+AYImageSize.m */ = {isa = PBXFileReference; lastKnownFileType = sourcecode.c.objc; path = "UIImage+AYImageSize.m"; sourceTree = "<group>"; };
		E152D0E520ABF969002D00E6 /* AYQRCodeScanningView.h */ = {isa = PBXFileReference; lastKnownFileType = sourcecode.c.h; path = AYQRCodeScanningView.h; sourceTree = "<group>"; };
		E152D0E620ABF969002D00E6 /* AYQRCodeScanningView.m */ = {isa = PBXFileReference; lastKnownFileType = sourcecode.c.objc; path = AYQRCodeScanningView.m; sourceTree = "<group>"; };
		E152D0E920ABFB61002D00E6 /* QRCodeScanningLine@3x.png */ = {isa = PBXFileReference; lastKnownFileType = image.png; path = "QRCodeScanningLine@3x.png"; sourceTree = "<group>"; };
		E152D0EA20ABFB61002D00E6 /* QRCodeFlashlightCloseImage.png */ = {isa = PBXFileReference; lastKnownFileType = image.png; path = QRCodeFlashlightCloseImage.png; sourceTree = "<group>"; };
		E152D0EB20ABFB61002D00E6 /* QRCodeScanningLine@2x.png */ = {isa = PBXFileReference; lastKnownFileType = image.png; path = "QRCodeScanningLine@2x.png"; sourceTree = "<group>"; };
		E152D0EC20ABFB61002D00E6 /* QRCodeFlashlightOpenImage.png */ = {isa = PBXFileReference; lastKnownFileType = image.png; path = QRCodeFlashlightOpenImage.png; sourceTree = "<group>"; };
		E152D0ED20ABFB61002D00E6 /* sound.caf */ = {isa = PBXFileReference; lastKnownFileType = file; path = sound.caf; sourceTree = "<group>"; };
		E152D0EE20ABFB61002D00E6 /* QRCodeScanningLineGrid@3x.png */ = {isa = PBXFileReference; lastKnownFileType = image.png; path = "QRCodeScanningLineGrid@3x.png"; sourceTree = "<group>"; };
		E152D0EF20ABFB61002D00E6 /* QRCodeScanningLineGrid@2x.png */ = {isa = PBXFileReference; lastKnownFileType = image.png; path = "QRCodeScanningLineGrid@2x.png"; sourceTree = "<group>"; };
		E183D11F20AD135200FF986C /* AYNotification.h */ = {isa = PBXFileReference; lastKnownFileType = sourcecode.c.h; path = AYNotification.h; sourceTree = "<group>"; };
		E183D12020AD135200FF986C /* AYNotification.m */ = {isa = PBXFileReference; lastKnownFileType = sourcecode.c.objc; path = AYNotification.m; sourceTree = "<group>"; };
		E188B7AF20AC1B1A0012E78F /* AYKeychain.h */ = {isa = PBXFileReference; lastKnownFileType = sourcecode.c.h; path = AYKeychain.h; sourceTree = "<group>"; };
		E188B7B020AC1B1A0012E78F /* AYKeychain.m */ = {isa = PBXFileReference; lastKnownFileType = sourcecode.c.objc; path = AYKeychain.m; sourceTree = "<group>"; };
		E188B7B320AC1C750012E78F /* UIColor+AYHex.h */ = {isa = PBXFileReference; lastKnownFileType = sourcecode.c.h; path = "UIColor+AYHex.h"; sourceTree = "<group>"; };
		E188B7B420AC1C750012E78F /* UIColor+AYHex.m */ = {isa = PBXFileReference; lastKnownFileType = sourcecode.c.objc; path = "UIColor+AYHex.m"; sourceTree = "<group>"; };
		E188B7B620AC1CD90012E78F /* UITableViewCell+AYFastCell.h */ = {isa = PBXFileReference; lastKnownFileType = sourcecode.c.h; path = "UITableViewCell+AYFastCell.h"; sourceTree = "<group>"; };
		E188B7B720AC1CD90012E78F /* UITableViewCell+AYFastCell.m */ = {isa = PBXFileReference; lastKnownFileType = sourcecode.c.objc; path = "UITableViewCell+AYFastCell.m"; sourceTree = "<group>"; };
		E188B7B920AC1DA50012E78F /* UIButton+AYCountdown.h */ = {isa = PBXFileReference; lastKnownFileType = sourcecode.c.h; path = "UIButton+AYCountdown.h"; sourceTree = "<group>"; };
		E188B7BA20AC1DA50012E78F /* UIButton+AYCountdown.m */ = {isa = PBXFileReference; lastKnownFileType = sourcecode.c.objc; path = "UIButton+AYCountdown.m"; sourceTree = "<group>"; };
		E188B7BC20AC1F0C0012E78F /* UITextView+Placeholder.h */ = {isa = PBXFileReference; fileEncoding = 4; lastKnownFileType = sourcecode.c.h; path = "UITextView+Placeholder.h"; sourceTree = "<group>"; };
		E188B7BD20AC1F0C0012E78F /* UITextView+Placeholder.m */ = {isa = PBXFileReference; fileEncoding = 4; lastKnownFileType = sourcecode.c.objc; path = "UITextView+Placeholder.m"; sourceTree = "<group>"; };
		E188B7C020AC1FF50012E78F /* AYSingleton.h */ = {isa = PBXFileReference; lastKnownFileType = sourcecode.c.h; path = AYSingleton.h; sourceTree = "<group>"; };
		E188B7C420AC21180012E78F /* NSDate+AYDate.h */ = {isa = PBXFileReference; lastKnownFileType = sourcecode.c.h; path = "NSDate+AYDate.h"; sourceTree = "<group>"; };
		E188B7C520AC21180012E78F /* NSDate+AYDate.m */ = {isa = PBXFileReference; lastKnownFileType = sourcecode.c.objc; path = "NSDate+AYDate.m"; sourceTree = "<group>"; };
		E188B7CA20AC26240012E78F /* AYTextField.h */ = {isa = PBXFileReference; lastKnownFileType = sourcecode.c.h; path = AYTextField.h; sourceTree = "<group>"; };
		E188B7CB20AC26240012E78F /* AYTextField.m */ = {isa = PBXFileReference; lastKnownFileType = sourcecode.c.objc; path = AYTextField.m; sourceTree = "<group>"; };
		E188B7CD20AC268B0012E78F /* AYTextView.h */ = {isa = PBXFileReference; lastKnownFileType = sourcecode.c.h; path = AYTextView.h; sourceTree = "<group>"; };
		E188B7CE20AC268B0012E78F /* AYTextView.m */ = {isa = PBXFileReference; lastKnownFileType = sourcecode.c.objc; path = AYTextView.m; sourceTree = "<group>"; };
		E188B7D120AC29160012E78F /* AYMacro.h */ = {isa = PBXFileReference; lastKnownFileType = sourcecode.c.h; path = AYMacro.h; sourceTree = "<group>"; };
		E188B7D220AC32480012E78F /* UIView+AYView.h */ = {isa = PBXFileReference; lastKnownFileType = sourcecode.c.h; path = "UIView+AYView.h"; sourceTree = "<group>"; };
		E188B7D320AC32480012E78F /* UIView+AYView.m */ = {isa = PBXFileReference; lastKnownFileType = sourcecode.c.objc; path = "UIView+AYView.m"; sourceTree = "<group>"; };
		E190C37320BE9C1E003F6A95 /* AYMatchUtils.h */ = {isa = PBXFileReference; lastKnownFileType = sourcecode.c.h; path = AYMatchUtils.h; sourceTree = "<group>"; };
		E190C37420BE9C1E003F6A95 /* AYMatchUtils.m */ = {isa = PBXFileReference; lastKnownFileType = sourcecode.c.objc; path = AYMatchUtils.m; sourceTree = "<group>"; };
		E190C37820BE9C9F003F6A95 /* Info.plist */ = {isa = PBXFileReference; fileEncoding = 4; lastKnownFileType = text.plist.xml; path = Info.plist; sourceTree = "<group>"; };
		E190C37920BE9C9F003F6A95 /* KMNavigationBarTransition.h */ = {isa = PBXFileReference; fileEncoding = 4; lastKnownFileType = sourcecode.c.h; path = KMNavigationBarTransition.h; sourceTree = "<group>"; };
		E190C37A20BE9C9F003F6A95 /* KMSwizzle.h */ = {isa = PBXFileReference; fileEncoding = 4; lastKnownFileType = sourcecode.c.h; path = KMSwizzle.h; sourceTree = "<group>"; };
		E190C37B20BE9C9F003F6A95 /* KMSwizzle.m */ = {isa = PBXFileReference; fileEncoding = 4; lastKnownFileType = sourcecode.c.objc; path = KMSwizzle.m; sourceTree = "<group>"; };
		E190C37C20BE9C9F003F6A95 /* KMWeakObjectContainer.h */ = {isa = PBXFileReference; fileEncoding = 4; lastKnownFileType = sourcecode.c.h; path = KMWeakObjectContainer.h; sourceTree = "<group>"; };
		E190C37D20BE9C9F003F6A95 /* KMWeakObjectContainer.m */ = {isa = PBXFileReference; fileEncoding = 4; lastKnownFileType = sourcecode.c.objc; path = KMWeakObjectContainer.m; sourceTree = "<group>"; };
		E190C37E20BE9C9F003F6A95 /* NSObject+KMNavigationBarTransition.h */ = {isa = PBXFileReference; fileEncoding = 4; lastKnownFileType = sourcecode.c.h; path = "NSObject+KMNavigationBarTransition.h"; sourceTree = "<group>"; };
		E190C37F20BE9C9F003F6A95 /* NSObject+KMNavigationBarTransition.m */ = {isa = PBXFileReference; fileEncoding = 4; lastKnownFileType = sourcecode.c.objc; path = "NSObject+KMNavigationBarTransition.m"; sourceTree = "<group>"; };
		E190C38020BE9C9F003F6A95 /* UINavigationBar+KMNavigationBarTransition.h */ = {isa = PBXFileReference; fileEncoding = 4; lastKnownFileType = sourcecode.c.h; path = "UINavigationBar+KMNavigationBarTransition.h"; sourceTree = "<group>"; };
		E190C38120BE9C9F003F6A95 /* UINavigationBar+KMNavigationBarTransition.m */ = {isa = PBXFileReference; fileEncoding = 4; lastKnownFileType = sourcecode.c.objc; path = "UINavigationBar+KMNavigationBarTransition.m"; sourceTree = "<group>"; };
		E190C38220BE9C9F003F6A95 /* UINavigationBar+KMNavigationBarTransition_internal.h */ = {isa = PBXFileReference; fileEncoding = 4; lastKnownFileType = sourcecode.c.h; path = "UINavigationBar+KMNavigationBarTransition_internal.h"; sourceTree = "<group>"; };
		E190C38320BE9C9F003F6A95 /* UINavigationController+Additions.h */ = {isa = PBXFileReference; fileEncoding = 4; lastKnownFileType = sourcecode.c.h; path = "UINavigationController+Additions.h"; sourceTree = "<group>"; };
		E190C38420BE9C9F003F6A95 /* UINavigationController+Additions.m */ = {isa = PBXFileReference; fileEncoding = 4; lastKnownFileType = sourcecode.c.objc; path = "UINavigationController+Additions.m"; sourceTree = "<group>"; };
		E190C38520BE9C9F003F6A95 /* UINavigationController+KMNavigationBarTransition.h */ = {isa = PBXFileReference; fileEncoding = 4; lastKnownFileType = sourcecode.c.h; path = "UINavigationController+KMNavigationBarTransition.h"; sourceTree = "<group>"; };
		E190C38620BE9C9F003F6A95 /* UINavigationController+KMNavigationBarTransition.m */ = {isa = PBXFileReference; fileEncoding = 4; lastKnownFileType = sourcecode.c.objc; path = "UINavigationController+KMNavigationBarTransition.m"; sourceTree = "<group>"; };
		E190C38720BE9C9F003F6A95 /* UINavigationController+KMNavigationBarTransition_internal.h */ = {isa = PBXFileReference; fileEncoding = 4; lastKnownFileType = sourcecode.c.h; path = "UINavigationController+KMNavigationBarTransition_internal.h"; sourceTree = "<group>"; };
		E190C38820BE9C9F003F6A95 /* UIScrollView+KMNavigationBarTransition.h */ = {isa = PBXFileReference; fileEncoding = 4; lastKnownFileType = sourcecode.c.h; path = "UIScrollView+KMNavigationBarTransition.h"; sourceTree = "<group>"; };
		E190C38920BE9C9F003F6A95 /* UIScrollView+KMNavigationBarTransition.m */ = {isa = PBXFileReference; fileEncoding = 4; lastKnownFileType = sourcecode.c.objc; path = "UIScrollView+KMNavigationBarTransition.m"; sourceTree = "<group>"; };
		E190C38A20BE9C9F003F6A95 /* UIScrollView+KMNavigationBarTransition_internal.h */ = {isa = PBXFileReference; fileEncoding = 4; lastKnownFileType = sourcecode.c.h; path = "UIScrollView+KMNavigationBarTransition_internal.h"; sourceTree = "<group>"; };
		E190C38B20BE9C9F003F6A95 /* UIViewController+KMNavigationBarTransition.h */ = {isa = PBXFileReference; fileEncoding = 4; lastKnownFileType = sourcecode.c.h; path = "UIViewController+KMNavigationBarTransition.h"; sourceTree = "<group>"; };
		E190C38C20BE9C9F003F6A95 /* UIViewController+KMNavigationBarTransition.m */ = {isa = PBXFileReference; fileEncoding = 4; lastKnownFileType = sourcecode.c.objc; path = "UIViewController+KMNavigationBarTransition.m"; sourceTree = "<group>"; };
		E190C38D20BE9C9F003F6A95 /* UIViewController+KMNavigationBarTransition_internal.h */ = {isa = PBXFileReference; fileEncoding = 4; lastKnownFileType = sourcecode.c.h; path = "UIViewController+KMNavigationBarTransition_internal.h"; sourceTree = "<group>"; };
		E1AA58B920AE853A00E4CF58 /* AYProgressHUD.bundle */ = {isa = PBXFileReference; lastKnownFileType = "wrapper.plug-in"; path = AYProgressHUD.bundle; sourceTree = "<group>"; };
		E1AA58BA20AE853A00E4CF58 /* AYProgressHUD.h */ = {isa = PBXFileReference; fileEncoding = 4; lastKnownFileType = sourcecode.c.h; path = AYProgressHUD.h; sourceTree = "<group>"; };
		E1AA58BB20AE853A00E4CF58 /* AYProgressHUD.m */ = {isa = PBXFileReference; fileEncoding = 4; lastKnownFileType = sourcecode.c.objc; path = AYProgressHUD.m; sourceTree = "<group>"; };
		E1AA58BC20AE853A00E4CF58 /* MBProgressHUD+AYHUD.h */ = {isa = PBXFileReference; fileEncoding = 4; lastKnownFileType = sourcecode.c.h; path = "MBProgressHUD+AYHUD.h"; sourceTree = "<group>"; };
		E1AA58BD20AE853A00E4CF58 /* MBProgressHUD+AYHUD.m */ = {isa = PBXFileReference; fileEncoding = 4; lastKnownFileType = sourcecode.c.objc; path = "MBProgressHUD+AYHUD.m"; sourceTree = "<group>"; };
		E1AA58BE20AE853A00E4CF58 /* MBProgressHUD.h */ = {isa = PBXFileReference; fileEncoding = 4; lastKnownFileType = sourcecode.c.h; path = MBProgressHUD.h; sourceTree = "<group>"; };
		E1AA58BF20AE853A00E4CF58 /* MBProgressHUD.m */ = {isa = PBXFileReference; fileEncoding = 4; lastKnownFileType = sourcecode.c.objc; path = MBProgressHUD.m; sourceTree = "<group>"; };
		E1BB02F620B5483E006AE690 /* AYTabMenu.h */ = {isa = PBXFileReference; lastKnownFileType = sourcecode.c.h; path = AYTabMenu.h; sourceTree = "<group>"; };
		E1BB02F720B5483E006AE690 /* AYTabMenu.m */ = {isa = PBXFileReference; lastKnownFileType = sourcecode.c.objc; path = AYTabMenu.m; sourceTree = "<group>"; };
		E1BB02F920B54A19006AE690 /* AYScrollView.h */ = {isa = PBXFileReference; lastKnownFileType = sourcecode.c.h; path = AYScrollView.h; sourceTree = "<group>"; };
		E1BB02FA20B54A19006AE690 /* AYScrollView.m */ = {isa = PBXFileReference; lastKnownFileType = sourcecode.c.objc; path = AYScrollView.m; sourceTree = "<group>"; };
		E1BB02FD20B54B34006AE690 /* AYMenuView.h */ = {isa = PBXFileReference; fileEncoding = 4; lastKnownFileType = sourcecode.c.h; path = AYMenuView.h; sourceTree = "<group>"; };
		E1BB02FE20B54B34006AE690 /* AYMenuView.m */ = {isa = PBXFileReference; fileEncoding = 4; lastKnownFileType = sourcecode.c.objc; path = AYMenuView.m; sourceTree = "<group>"; };
/* End PBXFileReference section */

/* Begin PBXFrameworksBuildPhase section */
		E152D0A520ABC30F002D00E6 /* Frameworks */ = {
			isa = PBXFrameworksBuildPhase;
			buildActionMask = 2147483647;
			files = (
			);
			runOnlyForDeploymentPostprocessing = 0;
		};
/* End PBXFrameworksBuildPhase section */

/* Begin PBXGroup section */
		E109A82820AD5EFA00D88EE6 /* AYTextHelper */ = {
			isa = PBXGroup;
			children = (
				E109A82920AD5F3100D88EE6 /* AYTextHelper.h */,
				E109A82A20AD5F3100D88EE6 /* AYTextHelper.m */,
				E109A82C20AD65AF00D88EE6 /* UILabel+AYLabelTextHelper.h */,
				E109A82D20AD65AF00D88EE6 /* UILabel+AYLabelTextHelper.m */,
			);
			path = AYTextHelper;
			sourceTree = "<group>";
		};
		E152D09F20ABC30F002D00E6 = {
			isa = PBXGroup;
			children = (
				E152D0AA20ABC30F002D00E6 /* AYCommon */,
				E152D0A920ABC30F002D00E6 /* Products */,
			);
			sourceTree = "<group>";
		};
		E152D0A920ABC30F002D00E6 /* Products */ = {
			isa = PBXGroup;
			children = (
				E152D0A820ABC30F002D00E6 /* libAYCommon.a */,
			);
			name = Products;
			sourceTree = "<group>";
		};
		E152D0AA20ABC30F002D00E6 /* AYCommon */ = {
			isa = PBXGroup;
			children = (
				E188B7D020AC283C0012E78F /* Macro */,
				E188B7C720AC25860012E78F /* UI */,
				E188B7AD20AC1AEA0012E78F /* Category */,
				E188B7AE20AC1AEA0012E78F /* Utils */,
				E152D0B420ABC4FB002D00E6 /* Manager */,
				E190C37620BE9C9F003F6A95 /* 3rdLib */,
			);
			path = AYCommon;
			sourceTree = "<group>";
		};
		E152D0B420ABC4FB002D00E6 /* Manager */ = {
			isa = PBXGroup;
			children = (
				E1BB02FC20B54AFD006AE690 /* AYMenuView */,
				E1BB02F520B54817006AE690 /* AYSwitchVC */,
				E1AA58B820AE853A00E4CF58 /* AYProgressHUD */,
				E109A82820AD5EFA00D88EE6 /* AYTextHelper */,
				E152D0D820ABE6BF002D00E6 /* AYQRCodeManager */,
				E152D0CD20ABCD8A002D00E6 /* AYWebView */,
				E152D0B520ABC525002D00E6 /* AYFileDownloadManager */,
			);
			path = Manager;
			sourceTree = "<group>";
		};
		E152D0B520ABC525002D00E6 /* AYFileDownloadManager */ = {
			isa = PBXGroup;
			children = (
				E152D0B620ABC539002D00E6 /* AYFileDownloadManager.h */,
				E152D0B720ABC539002D00E6 /* AYFileDownloadManager.m */,
				E152D0B920ABC59C002D00E6 /* AYFileSessionModel.h */,
				E152D0BA20ABC59C002D00E6 /* AYFileSessionModel.m */,
				E152D0BC20ABC61D002D00E6 /* MD5 */,
			);
			path = AYFileDownloadManager;
			sourceTree = "<group>";
		};
		E152D0BC20ABC61D002D00E6 /* MD5 */ = {
			isa = PBXGroup;
			children = (
				E152D0BD20ABC647002D00E6 /* NSString+AYHash.h */,
				E152D0BE20ABC647002D00E6 /* NSString+AYHash.m */,
			);
			path = MD5;
			sourceTree = "<group>";
		};
		E152D0CD20ABCD8A002D00E6 /* AYWebView */ = {
			isa = PBXGroup;
			children = (
				E152D0CE20ABCDAE002D00E6 /* AYWebView.h */,
				E152D0CF20ABCDAE002D00E6 /* AYWebView.m */,
			);
			path = AYWebView;
			sourceTree = "<group>";
		};
		E152D0D820ABE6BF002D00E6 /* AYQRCodeManager */ = {
			isa = PBXGroup;
			children = (
				E152D0D920ABE6BF002D00E6 /* AYQRCodeGenerateManager.h */,
				E152D0DA20ABE6BF002D00E6 /* AYQRCodeGenerateManager.m */,
				E152D0DB20ABE6BF002D00E6 /* AYQRCodeScanManager.h */,
				E152D0DC20ABE6BF002D00E6 /* AYQRCodeScanManager.m */,
				E152D0E520ABF969002D00E6 /* AYQRCodeScanningView.h */,
				E152D0E620ABF969002D00E6 /* AYQRCodeScanningView.m */,
				E152D0DF20ABF2A2002D00E6 /* AYQRCodeAlbumManager.h */,
				E152D0E020ABF2A2002D00E6 /* AYQRCodeAlbumManager.m */,
				E152D0E220ABF3CD002D00E6 /* UIImage+AYImageSize.h */,
				E152D0E320ABF3CD002D00E6 /* UIImage+AYImageSize.m */,
				E152D0E820ABFAF9002D00E6 /* Resource */,
			);
			path = AYQRCodeManager;
			sourceTree = "<group>";
		};
		E152D0E820ABFAF9002D00E6 /* Resource */ = {
			isa = PBXGroup;
			children = (
				E152D0EA20ABFB61002D00E6 /* QRCodeFlashlightCloseImage.png */,
				E152D0EC20ABFB61002D00E6 /* QRCodeFlashlightOpenImage.png */,
				E152D0EB20ABFB61002D00E6 /* QRCodeScanningLine@2x.png */,
				E152D0E920ABFB61002D00E6 /* QRCodeScanningLine@3x.png */,
				E152D0EF20ABFB61002D00E6 /* QRCodeScanningLineGrid@2x.png */,
				E152D0EE20ABFB61002D00E6 /* QRCodeScanningLineGrid@3x.png */,
				E152D0ED20ABFB61002D00E6 /* sound.caf */,
			);
			path = Resource;
			sourceTree = "<group>";
		};
		E188B7AD20AC1AEA0012E78F /* Category */ = {
			isa = PBXGroup;
			children = (
				E188B7B320AC1C750012E78F /* UIColor+AYHex.h */,
				E188B7B420AC1C750012E78F /* UIColor+AYHex.m */,
				E188B7B620AC1CD90012E78F /* UITableViewCell+AYFastCell.h */,
				E188B7B720AC1CD90012E78F /* UITableViewCell+AYFastCell.m */,
				E188B7B920AC1DA50012E78F /* UIButton+AYCountdown.h */,
				E188B7BA20AC1DA50012E78F /* UIButton+AYCountdown.m */,
				E188B7BC20AC1F0C0012E78F /* UITextView+Placeholder.h */,
				E188B7BD20AC1F0C0012E78F /* UITextView+Placeholder.m */,
				E188B7C420AC21180012E78F /* NSDate+AYDate.h */,
				E188B7C520AC21180012E78F /* NSDate+AYDate.m */,
				E188B7D220AC32480012E78F /* UIView+AYView.h */,
				E188B7D320AC32480012E78F /* UIView+AYView.m */,
			);
			path = Category;
			sourceTree = "<group>";
		};
		E188B7AE20AC1AEA0012E78F /* Utils */ = {
			isa = PBXGroup;
			children = (
				E188B7AF20AC1B1A0012E78F /* AYKeychain.h */,
				E188B7B020AC1B1A0012E78F /* AYKeychain.m */,
				E188B7C020AC1FF50012E78F /* AYSingleton.h */,
			);
			path = Utils;
			sourceTree = "<group>";
		};
		E188B7C720AC25860012E78F /* UI */ = {
			isa = PBXGroup;
			children = (
				E188B7C920AC26030012E78F /* UITextField */,
				E188B7C820AC26030012E78F /* UITextView */,
			);
			path = UI;
			sourceTree = "<group>";
		};
		E188B7C820AC26030012E78F /* UITextView */ = {
			isa = PBXGroup;
			children = (
				E188B7CD20AC268B0012E78F /* AYTextView.h */,
				E188B7CE20AC268B0012E78F /* AYTextView.m */,
			);
			path = UITextView;
			sourceTree = "<group>";
		};
		E188B7C920AC26030012E78F /* UITextField */ = {
			isa = PBXGroup;
			children = (
				E188B7CA20AC26240012E78F /* AYTextField.h */,
				E188B7CB20AC26240012E78F /* AYTextField.m */,
			);
			path = UITextField;
			sourceTree = "<group>";
		};
		E188B7D020AC283C0012E78F /* Macro */ = {
			isa = PBXGroup;
			children = (
				E188B7D120AC29160012E78F /* AYMacro.h */,
				E183D11F20AD135200FF986C /* AYNotification.h */,
				E183D12020AD135200FF986C /* AYNotification.m */,
				E190C37320BE9C1E003F6A95 /* AYMatchUtils.h */,
				E190C37420BE9C1E003F6A95 /* AYMatchUtils.m */,
			);
			path = Macro;
			sourceTree = "<group>";
		};
		E190C37620BE9C9F003F6A95 /* 3rdLib */ = {
			isa = PBXGroup;
			children = (
				E190C37720BE9C9F003F6A95 /* KMNavigationBarTransition */,
			);
			path = 3rdLib;
			sourceTree = "<group>";
		};
		E190C37720BE9C9F003F6A95 /* KMNavigationBarTransition */ = {
			isa = PBXGroup;
			children = (
				E190C37820BE9C9F003F6A95 /* Info.plist */,
				E190C37920BE9C9F003F6A95 /* KMNavigationBarTransition.h */,
				E190C37A20BE9C9F003F6A95 /* KMSwizzle.h */,
				E190C37B20BE9C9F003F6A95 /* KMSwizzle.m */,
				E190C37C20BE9C9F003F6A95 /* KMWeakObjectContainer.h */,
				E190C37D20BE9C9F003F6A95 /* KMWeakObjectContainer.m */,
				E190C37E20BE9C9F003F6A95 /* NSObject+KMNavigationBarTransition.h */,
				E190C37F20BE9C9F003F6A95 /* NSObject+KMNavigationBarTransition.m */,
				E190C38020BE9C9F003F6A95 /* UINavigationBar+KMNavigationBarTransition.h */,
				E190C38120BE9C9F003F6A95 /* UINavigationBar+KMNavigationBarTransition.m */,
				E190C38220BE9C9F003F6A95 /* UINavigationBar+KMNavigationBarTransition_internal.h */,
				E190C38320BE9C9F003F6A95 /* UINavigationController+Additions.h */,
				E190C38420BE9C9F003F6A95 /* UINavigationController+Additions.m */,
				E190C38520BE9C9F003F6A95 /* UINavigationController+KMNavigationBarTransition.h */,
				E190C38620BE9C9F003F6A95 /* UINavigationController+KMNavigationBarTransition.m */,
				E190C38720BE9C9F003F6A95 /* UINavigationController+KMNavigationBarTransition_internal.h */,
				E190C38820BE9C9F003F6A95 /* UIScrollView+KMNavigationBarTransition.h */,
				E190C38920BE9C9F003F6A95 /* UIScrollView+KMNavigationBarTransition.m */,
				E190C38A20BE9C9F003F6A95 /* UIScrollView+KMNavigationBarTransition_internal.h */,
				E190C38B20BE9C9F003F6A95 /* UIViewController+KMNavigationBarTransition.h */,
				E190C38C20BE9C9F003F6A95 /* UIViewController+KMNavigationBarTransition.m */,
				E190C38D20BE9C9F003F6A95 /* UIViewController+KMNavigationBarTransition_internal.h */,
			);
			path = KMNavigationBarTransition;
			sourceTree = "<group>";
		};
		E1AA58B820AE853A00E4CF58 /* AYProgressHUD */ = {
			isa = PBXGroup;
			children = (
				E1AA58B920AE853A00E4CF58 /* AYProgressHUD.bundle */,
				E1AA58BA20AE853A00E4CF58 /* AYProgressHUD.h */,
				E1AA58BB20AE853A00E4CF58 /* AYProgressHUD.m */,
				E1AA58BC20AE853A00E4CF58 /* MBProgressHUD+AYHUD.h */,
				E1AA58BD20AE853A00E4CF58 /* MBProgressHUD+AYHUD.m */,
				E1AA58BE20AE853A00E4CF58 /* MBProgressHUD.h */,
				E1AA58BF20AE853A00E4CF58 /* MBProgressHUD.m */,
			);
			path = AYProgressHUD;
			sourceTree = "<group>";
		};
		E1BB02F520B54817006AE690 /* AYSwitchVC */ = {
			isa = PBXGroup;
			children = (
				E1BB02F620B5483E006AE690 /* AYTabMenu.h */,
				E1BB02F720B5483E006AE690 /* AYTabMenu.m */,
				E1BB02F920B54A19006AE690 /* AYScrollView.h */,
				E1BB02FA20B54A19006AE690 /* AYScrollView.m */,
			);
			path = AYSwitchVC;
			sourceTree = "<group>";
		};
		E1BB02FC20B54AFD006AE690 /* AYMenuView */ = {
			isa = PBXGroup;
			children = (
				E1BB02FD20B54B34006AE690 /* AYMenuView.h */,
				E1BB02FE20B54B34006AE690 /* AYMenuView.m */,
			);
			path = AYMenuView;
			sourceTree = "<group>";
		};
/* End PBXGroup section */

/* Begin PBXNativeTarget section */
		E152D0A720ABC30F002D00E6 /* AYCommon */ = {
			isa = PBXNativeTarget;
			buildConfigurationList = E152D0B120ABC30F002D00E6 /* Build configuration list for PBXNativeTarget "AYCommon" */;
			buildPhases = (
				E152D0A420ABC30F002D00E6 /* Sources */,
				E152D0A520ABC30F002D00E6 /* Frameworks */,
				E152D0A620ABC30F002D00E6 /* CopyFiles */,
			);
			buildRules = (
			);
			dependencies = (
			);
			name = AYCommon;
			productName = AYCommon;
			productReference = E152D0A820ABC30F002D00E6 /* libAYCommon.a */;
			productType = "com.apple.product-type.library.static";
		};
/* End PBXNativeTarget section */

/* Begin PBXProject section */
		E152D0A020ABC30F002D00E6 /* Project object */ = {
			isa = PBXProject;
			attributes = {
				CLASSPREFIX = AY;
				LastUpgradeCheck = 0920;
				ORGANIZATIONNAME = ZSM;
				TargetAttributes = {
					E152D0A720ABC30F002D00E6 = {
						CreatedOnToolsVersion = 9.2;
						ProvisioningStyle = Automatic;
					};
				};
			};
			buildConfigurationList = E152D0A320ABC30F002D00E6 /* Build configuration list for PBXProject "AYCommon" */;
			compatibilityVersion = "Xcode 8.0";
			developmentRegion = en;
			hasScannedForEncodings = 0;
			knownRegions = (
				en,
			);
			mainGroup = E152D09F20ABC30F002D00E6;
			productRefGroup = E152D0A920ABC30F002D00E6 /* Products */;
			projectDirPath = "";
			projectRoot = "";
			targets = (
				E152D0A720ABC30F002D00E6 /* AYCommon */,
			);
		};
/* End PBXProject section */

/* Begin PBXSourcesBuildPhase section */
		E152D0A420ABC30F002D00E6 /* Sources */ = {
			isa = PBXSourcesBuildPhase;
			buildActionMask = 2147483647;
			files = (
				E183D12120AD135200FF986C /* AYNotification.m in Sources */,
				E188B7CF20AC268B0012E78F /* AYTextView.m in Sources */,
				E1AA58C020AE853A00E4CF58 /* AYProgressHUD.m in Sources */,
				E152D0E720ABF969002D00E6 /* AYQRCodeScanningView.m in Sources */,
				E188B7BE20AC1F0C0012E78F /* UITextView+Placeholder.m in Sources */,
				E190C38E20BE9C9F003F6A95 /* KMSwizzle.m in Sources */,
				E152D0DE20ABE6BF002D00E6 /* AYQRCodeScanManager.m in Sources */,
				E1BB02F820B5483E006AE690 /* AYTabMenu.m in Sources */,
				E1BB02FB20B54A19006AE690 /* AYScrollView.m in Sources */,
				E152D0E120ABF2A2002D00E6 /* AYQRCodeAlbumManager.m in Sources */,
				E1AA58C220AE853A00E4CF58 /* MBProgressHUD.m in Sources */,
				E1AA58C120AE853A00E4CF58 /* MBProgressHUD+AYHUD.m in Sources */,
				E190C39320BE9C9F003F6A95 /* UINavigationController+KMNavigationBarTransition.m in Sources */,
				E188B7D420AC32480012E78F /* UIView+AYView.m in Sources */,
				E152D0BF20ABC647002D00E6 /* NSString+AYHash.m in Sources */,
				E190C39520BE9C9F003F6A95 /* UIViewController+KMNavigationBarTransition.m in Sources */,
				E152D0D020ABCDAE002D00E6 /* AYWebView.m in Sources */,
				E152D0E420ABF3CD002D00E6 /* UIImage+AYImageSize.m in Sources */,
				E190C39220BE9C9F003F6A95 /* UINavigationController+Additions.m in Sources */,
				E190C38F20BE9C9F003F6A95 /* KMWeakObjectContainer.m in Sources */,
				E152D0BB20ABC59C002D00E6 /* AYFileSessionModel.m in Sources */,
				E188B7BB20AC1DA50012E78F /* UIButton+AYCountdown.m in Sources */,
				E188B7B120AC1B1A0012E78F /* AYKeychain.m in Sources */,
				E188B7B520AC1C750012E78F /* UIColor+AYHex.m in Sources */,
				E188B7CC20AC26240012E78F /* AYTextField.m in Sources */,
				E188B7C620AC21180012E78F /* NSDate+AYDate.m in Sources */,
				E109A82B20AD5F3100D88EE6 /* AYTextHelper.m in Sources */,
				E152D0DD20ABE6BF002D00E6 /* AYQRCodeGenerateManager.m in Sources */,
				E152D0B820ABC539002D00E6 /* AYFileDownloadManager.m in Sources */,
				E190C39020BE9C9F003F6A95 /* NSObject+KMNavigationBarTransition.m in Sources */,
				E1BB02FF20B54B34006AE690 /* AYMenuView.m in Sources */,
				E190C39120BE9C9F003F6A95 /* UINavigationBar+KMNavigationBarTransition.m in Sources */,
				E190C37520BE9C1E003F6A95 /* AYMatchUtils.m in Sources */,
				E188B7B820AC1CD90012E78F /* UITableViewCell+AYFastCell.m in Sources */,
				E109A82E20AD65AF00D88EE6 /* UILabel+AYLabelTextHelper.m in Sources */,
				E190C39420BE9C9F003F6A95 /* UIScrollView+KMNavigationBarTransition.m in Sources */,
			);
			runOnlyForDeploymentPostprocessing = 0;
		};
/* End PBXSourcesBuildPhase section */

/* Begin XCBuildConfiguration section */
		E152D0AF20ABC30F002D00E6 /* Debug */ = {
			isa = XCBuildConfiguration;
			buildSettings = {
				ALWAYS_SEARCH_USER_PATHS = NO;
				CLANG_ANALYZER_NONNULL = YES;
				CLANG_ANALYZER_NUMBER_OBJECT_CONVERSION = YES_AGGRESSIVE;
				CLANG_CXX_LANGUAGE_STANDARD = "gnu++14";
				CLANG_CXX_LIBRARY = "libc++";
				CLANG_ENABLE_MODULES = YES;
				CLANG_ENABLE_OBJC_ARC = YES;
				CLANG_WARN_BLOCK_CAPTURE_AUTORELEASING = YES;
				CLANG_WARN_BOOL_CONVERSION = YES;
				CLANG_WARN_COMMA = YES;
				CLANG_WARN_CONSTANT_CONVERSION = YES;
				CLANG_WARN_DIRECT_OBJC_ISA_USAGE = YES_ERROR;
				CLANG_WARN_DOCUMENTATION_COMMENTS = YES;
				CLANG_WARN_EMPTY_BODY = YES;
				CLANG_WARN_ENUM_CONVERSION = YES;
				CLANG_WARN_INFINITE_RECURSION = YES;
				CLANG_WARN_INT_CONVERSION = YES;
				CLANG_WARN_NON_LITERAL_NULL_CONVERSION = YES;
				CLANG_WARN_OBJC_LITERAL_CONVERSION = YES;
				CLANG_WARN_OBJC_ROOT_CLASS = YES_ERROR;
				CLANG_WARN_RANGE_LOOP_ANALYSIS = YES;
				CLANG_WARN_STRICT_PROTOTYPES = YES;
				CLANG_WARN_SUSPICIOUS_MOVE = YES;
				CLANG_WARN_UNGUARDED_AVAILABILITY = YES_AGGRESSIVE;
				CLANG_WARN_UNREACHABLE_CODE = YES;
				CLANG_WARN__DUPLICATE_METHOD_MATCH = YES;
				CODE_SIGN_IDENTITY = "iPhone Developer";
				COPY_PHASE_STRIP = NO;
				DEBUG_INFORMATION_FORMAT = dwarf;
				ENABLE_STRICT_OBJC_MSGSEND = YES;
				ENABLE_TESTABILITY = YES;
				GCC_C_LANGUAGE_STANDARD = gnu11;
				GCC_DYNAMIC_NO_PIC = NO;
				GCC_NO_COMMON_BLOCKS = YES;
				GCC_OPTIMIZATION_LEVEL = 0;
				GCC_PREPROCESSOR_DEFINITIONS = (
					"DEBUG=1",
					"$(inherited)",
				);
				GCC_WARN_64_TO_32_BIT_CONVERSION = YES;
				GCC_WARN_ABOUT_RETURN_TYPE = YES_ERROR;
				GCC_WARN_UNDECLARED_SELECTOR = YES;
				GCC_WARN_UNINITIALIZED_AUTOS = YES_AGGRESSIVE;
				GCC_WARN_UNUSED_FUNCTION = YES;
				GCC_WARN_UNUSED_VARIABLE = YES;
				IPHONEOS_DEPLOYMENT_TARGET = 8.0;
				MTL_ENABLE_DEBUG_INFO = YES;
				ONLY_ACTIVE_ARCH = YES;
				SDKROOT = iphoneos;
			};
			name = Debug;
		};
		E152D0B020ABC30F002D00E6 /* Release */ = {
			isa = XCBuildConfiguration;
			buildSettings = {
				ALWAYS_SEARCH_USER_PATHS = NO;
				CLANG_ANALYZER_NONNULL = YES;
				CLANG_ANALYZER_NUMBER_OBJECT_CONVERSION = YES_AGGRESSIVE;
				CLANG_CXX_LANGUAGE_STANDARD = "gnu++14";
				CLANG_CXX_LIBRARY = "libc++";
				CLANG_ENABLE_MODULES = YES;
				CLANG_ENABLE_OBJC_ARC = YES;
				CLANG_WARN_BLOCK_CAPTURE_AUTORELEASING = YES;
				CLANG_WARN_BOOL_CONVERSION = YES;
				CLANG_WARN_COMMA = YES;
				CLANG_WARN_CONSTANT_CONVERSION = YES;
				CLANG_WARN_DIRECT_OBJC_ISA_USAGE = YES_ERROR;
				CLANG_WARN_DOCUMENTATION_COMMENTS = YES;
				CLANG_WARN_EMPTY_BODY = YES;
				CLANG_WARN_ENUM_CONVERSION = YES;
				CLANG_WARN_INFINITE_RECURSION = YES;
				CLANG_WARN_INT_CONVERSION = YES;
				CLANG_WARN_NON_LITERAL_NULL_CONVERSION = YES;
				CLANG_WARN_OBJC_LITERAL_CONVERSION = YES;
				CLANG_WARN_OBJC_ROOT_CLASS = YES_ERROR;
				CLANG_WARN_RANGE_LOOP_ANALYSIS = YES;
				CLANG_WARN_STRICT_PROTOTYPES = YES;
				CLANG_WARN_SUSPICIOUS_MOVE = YES;
				CLANG_WARN_UNGUARDED_AVAILABILITY = YES_AGGRESSIVE;
				CLANG_WARN_UNREACHABLE_CODE = YES;
				CLANG_WARN__DUPLICATE_METHOD_MATCH = YES;
				CODE_SIGN_IDENTITY = "iPhone Developer";
				COPY_PHASE_STRIP = NO;
				DEBUG_INFORMATION_FORMAT = "dwarf-with-dsym";
				ENABLE_NS_ASSERTIONS = NO;
				ENABLE_STRICT_OBJC_MSGSEND = YES;
				GCC_C_LANGUAGE_STANDARD = gnu11;
				GCC_NO_COMMON_BLOCKS = YES;
				GCC_WARN_64_TO_32_BIT_CONVERSION = YES;
				GCC_WARN_ABOUT_RETURN_TYPE = YES_ERROR;
				GCC_WARN_UNDECLARED_SELECTOR = YES;
				GCC_WARN_UNINITIALIZED_AUTOS = YES_AGGRESSIVE;
				GCC_WARN_UNUSED_FUNCTION = YES;
				GCC_WARN_UNUSED_VARIABLE = YES;
				IPHONEOS_DEPLOYMENT_TARGET = 8.0;
				MTL_ENABLE_DEBUG_INFO = NO;
				SDKROOT = iphoneos;
				VALIDATE_PRODUCT = YES;
			};
			name = Release;
		};
		E152D0B220ABC30F002D00E6 /* Debug */ = {
			isa = XCBuildConfiguration;
			buildSettings = {
				CODE_SIGN_STYLE = Automatic;
				OTHER_LDFLAGS = "-ObjC";
				PRODUCT_NAME = "$(TARGET_NAME)";
				SKIP_INSTALL = YES;
				TARGETED_DEVICE_FAMILY = "1,2";
			};
			name = Debug;
		};
		E152D0B320ABC30F002D00E6 /* Release */ = {
			isa = XCBuildConfiguration;
			buildSettings = {
				CODE_SIGN_STYLE = Automatic;
				OTHER_LDFLAGS = "-ObjC";
				PRODUCT_NAME = "$(TARGET_NAME)";
				SKIP_INSTALL = YES;
				TARGETED_DEVICE_FAMILY = "1,2";
			};
			name = Release;
		};
/* End XCBuildConfiguration section */

/* Begin XCConfigurationList section */
		E152D0A320ABC30F002D00E6 /* Build configuration list for PBXProject "AYCommon" */ = {
			isa = XCConfigurationList;
			buildConfigurations = (
				E152D0AF20ABC30F002D00E6 /* Debug */,
				E152D0B020ABC30F002D00E6 /* Release */,
			);
			defaultConfigurationIsVisible = 0;
			defaultConfigurationName = Release;
		};
		E152D0B120ABC30F002D00E6 /* Build configuration list for PBXNativeTarget "AYCommon" */ = {
			isa = XCConfigurationList;
			buildConfigurations = (
				E152D0B220ABC30F002D00E6 /* Debug */,
				E152D0B320ABC30F002D00E6 /* Release */,
			);
			defaultConfigurationIsVisible = 0;
			defaultConfigurationName = Release;
		};
/* End XCConfigurationList section */
	};
	rootObject = E152D0A020ABC30F002D00E6 /* Project object */;
}
